
Microsoft Visual Studio Solution File, Format Version 12.00
# Visual Studio Version 16
VisualStudioVersion = 16.0.30011.22
MinimumVisualStudioVersion = 10.0.40219.1
Project("{2150E333-8FDC-42A3-9474-1A3956D46DE8}") = "TrabalhandoNoConsole", "TrabalhandoNoConsole", "{917E90AC-F7F7-4BEE-A00E-DB429B1E6BFF}"
EndProject
Project("{9A19103F-16F7-4668-BE54-9A1E7A4F7556}") = "ConsoleExercicio_1", "ConsoleExercico_1\ConsoleExercicio_1.csproj", "{4C8D4B25-223F-40B0-9E52-CE616F085EE0}"
EndProject
Project("{9A19103F-16F7-4668-BE54-9A1E7A4F7556}") = "ConsoleExercicio_2", "ConsoleExercicio_2\ConsoleExercicio_2.csproj", "{0E834811-1637-4698-892D-99252ED82A65}"
EndProject
Project("{9A19103F-16F7-4668-BE54-9A1E7A4F7556}") = "ConsoleExercicio_3", "ConsoleExercicio_3\ConsoleExercicio_3.csproj", "{6A0FEB47-25E8-40F8-8551-C0DB60D0A5B1}"
EndProject
Project("{9A19103F-16F7-4668-BE54-9A1E7A4F7556}") = "ConsoleExercicio_4", "ConsoleExercicio_4\ConsoleExercicio_4.csproj", "{6A1A4ACC-A1A5-49D2-B3E5-39BD354C0AA2}"
EndProject
Project("{9A19103F-16F7-4668-BE54-9A1E7A4F7556}") = "ConsoleExercicio_5", "ConsoleExercicio_5\ConsoleExercicio_5.csproj", "{E342FD55-38CD-491D-ADA0-8C00D38D6FC1}"
EndProject
Project("{9A19103F-16F7-4668-BE54-9A1E7A4F7556}") = "ConsoleExercicio_6", "ConsoleExercicio_6\ConsoleExercicio_6.csproj", "{FAE5694F-6300-414C-A095-0FC5CC3710C3}"
EndProject
Project("{9A19103F-16F7-4668-BE54-9A1E7A4F7556}") = "ConsoleExercicio_7", "ConsoleExercicio_7\ConsoleExercicio_7.csproj", "{862A4E10-9572-47F5-A700-2D473A130DB6}"
EndProject
Project("{9A19103F-16F7-4668-BE54-9A1E7A4F7556}") = "ConsoleExercicio_8", "ConsoleExercicio_8\ConsoleExercicio_8.csproj", "{A84D98A7-2F0F-4AE7-8BAB-5BF352D84C22}"
EndProject
Project("{9A19103F-16F7-4668-BE54-9A1E7A4F7556}") = "ConsoleExercicio_9", "ConsoleExercicio_9\ConsoleExercicio_9.csproj", "{075AAC9A-531A-4CC8-9B7E-40E6D98BC8AD}"
EndProject
Project("{2150E333-8FDC-42A3-9474-1A3956D46DE8}") = "UtilizandoPOO", "UtilizandoPOO", "{8717C0A1-E0A6-4890-BE9D-359A8BCD2621}"
EndProject
Project("{9A19103F-16F7-4668-BE54-9A1E7A4F7556}") = "ExercicioPOO_2", "ExercicioPOO_2\ExercicioPOO_2.csproj", "{20A88FFC-84F4-4EA3-BE29-60D8FB949C9D}"
EndProject
Project("{FAE04EC0-301F-11D3-BF4B-00C04F79EFBC}") = "ExercicioPOO_3", "ExercicioPOO_3\ExercicioPOO_3.csproj", "{B77BE4F1-53C4-472E-BC0B-D4F2B89F2631}"
EndProject
Global
	GlobalSection(SolutionConfigurationPlatforms) = preSolution
		Debug|Any CPU = Debug|Any CPU
		Release|Any CPU = Release|Any CPU
	EndGlobalSection
	GlobalSection(ProjectConfigurationPlatforms) = postSolution
		{4C8D4B25-223F-40B0-9E52-CE616F085EE0}.Debug|Any CPU.ActiveCfg = Debug|Any CPU
		{4C8D4B25-223F-40B0-9E52-CE616F085EE0}.Debug|Any CPU.Build.0 = Debug|Any CPU
		{4C8D4B25-223F-40B0-9E52-CE616F085EE0}.Release|Any CPU.ActiveCfg = Release|Any CPU
		{4C8D4B25-223F-40B0-9E52-CE616F085EE0}.Release|Any CPU.Build.0 = Release|Any CPU
		{0E834811-1637-4698-892D-99252ED82A65}.Debug|Any CPU.ActiveCfg = Debug|Any CPU
		{0E834811-1637-4698-892D-99252ED82A65}.Debug|Any CPU.Build.0 = Debug|Any CPU
		{0E834811-1637-4698-892D-99252ED82A65}.Release|Any CPU.ActiveCfg = Release|Any CPU
		{0E834811-1637-4698-892D-99252ED82A65}.Release|Any CPU.Build.0 = Release|Any CPU
		{6A0FEB47-25E8-40F8-8551-C0DB60D0A5B1}.Debug|Any CPU.ActiveCfg = Debug|Any CPU
		{6A0FEB47-25E8-40F8-8551-C0DB60D0A5B1}.Debug|Any CPU.Build.0 = Debug|Any CPU
		{6A0FEB47-25E8-40F8-8551-C0DB60D0A5B1}.Release|Any CPU.ActiveCfg = Release|Any CPU
		{6A0FEB47-25E8-40F8-8551-C0DB60D0A5B1}.Release|Any CPU.Build.0 = Release|Any CPU
		{6A1A4ACC-A1A5-49D2-B3E5-39BD354C0AA2}.Debug|Any CPU.ActiveCfg = Debug|Any CPU
		{6A1A4ACC-A1A5-49D2-B3E5-39BD354C0AA2}.Debug|Any CPU.Build.0 = Debug|Any CPU
		{6A1A4ACC-A1A5-49D2-B3E5-39BD354C0AA2}.Release|Any CPU.ActiveCfg = Release|Any CPU
		{6A1A4ACC-A1A5-49D2-B3E5-39BD354C0AA2}.Release|Any CPU.Build.0 = Release|Any CPU
		{E342FD55-38CD-491D-ADA0-8C00D38D6FC1}.Debug|Any CPU.ActiveCfg = Debug|Any CPU
		{E342FD55-38CD-491D-ADA0-8C00D38D6FC1}.Debug|Any CPU.Build.0 = Debug|Any CPU
		{E342FD55-38CD-491D-ADA0-8C00D38D6FC1}.Release|Any CPU.ActiveCfg = Release|Any CPU
		{E342FD55-38CD-491D-ADA0-8C00D38D6FC1}.Release|Any CPU.Build.0 = Release|Any CPU
		{FAE5694F-6300-414C-A095-0FC5CC3710C3}.Debug|Any CPU.ActiveCfg = Debug|Any CPU
		{FAE5694F-6300-414C-A095-0FC5CC3710C3}.Debug|Any CPU.Build.0 = Debug|Any CPU
		{FAE5694F-6300-414C-A095-0FC5CC3710C3}.Release|Any CPU.ActiveCfg = Release|Any CPU
		{FAE5694F-6300-414C-A095-0FC5CC3710C3}.Release|Any CPU.Build.0 = Release|Any CPU
		{862A4E10-9572-47F5-A700-2D473A130DB6}.Debug|Any CPU.ActiveCfg = Debug|Any CPU
		{862A4E10-9572-47F5-A700-2D473A130DB6}.Debug|Any CPU.Build.0 = Debug|Any CPU
		{862A4E10-9572-47F5-A700-2D473A130DB6}.Release|Any CPU.ActiveCfg = Release|Any CPU
		{862A4E10-9572-47F5-A700-2D473A130DB6}.Release|Any CPU.Build.0 = Release|Any CPU
		{A84D98A7-2F0F-4AE7-8BAB-5BF352D84C22}.Debug|Any CPU.ActiveCfg = Debug|Any CPU
		{A84D98A7-2F0F-4AE7-8BAB-5BF352D84C22}.Debug|Any CPU.Build.0 = Debug|Any CPU
		{A84D98A7-2F0F-4AE7-8BAB-5BF352D84C22}.Release|Any CPU.ActiveCfg = Release|Any CPU
		{A84D98A7-2F0F-4AE7-8BAB-5BF352D84C22}.Release|Any CPU.Build.0 = Release|Any CPU
		{075AAC9A-531A-4CC8-9B7E-40E6D98BC8AD}.Debug|Any CPU.ActiveCfg = Debug|Any CPU
		{075AAC9A-531A-4CC8-9B7E-40E6D98BC8AD}.Debug|Any CPU.Build.0 = Debug|Any CPU
		{075AAC9A-531A-4CC8-9B7E-40E6D98BC8AD}.Release|Any CPU.ActiveCfg = Release|Any CPU
		{075AAC9A-531A-4CC8-9B7E-40E6D98BC8AD}.Release|Any CPU.Build.0 = Release|Any CPU
		{20A88FFC-84F4-4EA3-BE29-60D8FB949C9D}.Debug|Any CPU.ActiveCfg = Debug|Any CPU
		{20A88FFC-84F4-4EA3-BE29-60D8FB949C9D}.Debug|Any CPU.Build.0 = Debug|Any CPU
		{20A88FFC-84F4-4EA3-BE29-60D8FB949C9D}.Release|Any CPU.ActiveCfg = Release|Any CPU
		{20A88FFC-84F4-4EA3-BE29-60D8FB949C9D}.Release|Any CPU.Build.0 = Release|Any CPU
		{B77BE4F1-53C4-472E-BC0B-D4F2B89F2631}.Debug|Any CPU.ActiveCfg = Debug|Any CPU
		{B77BE4F1-53C4-472E-BC0B-D4F2B89F2631}.Debug|Any CPU.Build.0 = Debug|Any CPU
		{B77BE4F1-53C4-472E-BC0B-D4F2B89F2631}.Release|Any CPU.ActiveCfg = Release|Any CPU
		{B77BE4F1-53C4-472E-BC0B-D4F2B89F2631}.Release|Any CPU.Build.0 = Release|Any CPU
	EndGlobalSection
	GlobalSection(SolutionProperties) = preSolution
		HideSolutionNode = FALSE
	EndGlobalSection
	GlobalSection(NestedProjects) = preSolution
		{4C8D4B25-223F-40B0-9E52-CE616F085EE0} = {917E90AC-F7F7-4BEE-A00E-DB429B1E6BFF}
		{0E834811-1637-4698-892D-99252ED82A65} = {917E90AC-F7F7-4BEE-A00E-DB429B1E6BFF}
		{6A0FEB47-25E8-40F8-8551-C0DB60D0A5B1} = {917E90AC-F7F7-4BEE-A00E-DB429B1E6BFF}
		{6A1A4ACC-A1A5-49D2-B3E5-39BD354C0AA2} = {917E90AC-F7F7-4BEE-A00E-DB429B1E6BFF}
		{E342FD55-38CD-491D-ADA0-8C00D38D6FC1} = {917E90AC-F7F7-4BEE-A00E-DB429B1E6BFF}
		{FAE5694F-6300-414C-A095-0FC5CC3710C3} = {917E90AC-F7F7-4BEE-A00E-DB429B1E6BFF}
		{862A4E10-9572-47F5-A700-2D473A130DB6} = {917E90AC-F7F7-4BEE-A00E-DB429B1E6BFF}
		{A84D98A7-2F0F-4AE7-8BAB-5BF352D84C22} = {917E90AC-F7F7-4BEE-A00E-DB429B1E6BFF}
		{075AAC9A-531A-4CC8-9B7E-40E6D98BC8AD} = {917E90AC-F7F7-4BEE-A00E-DB429B1E6BFF}
		{20A88FFC-84F4-4EA3-BE29-60D8FB949C9D} = {8717C0A1-E0A6-4890-BE9D-359A8BCD2621}
		{B77BE4F1-53C4-472E-BC0B-D4F2B89F2631} = {8717C0A1-E0A6-4890-BE9D-359A8BCD2621}
	EndGlobalSection
	GlobalSection(ExtensibilityGlobals) = postSolution
		SolutionGuid = {18AAA1C8-5A36-4DB9-9BC8-AA1A49B0A303}
	EndGlobalSection
EndGlobal
