
Microsoft Visual Studio Solution File, Format Version 12.00
# Visual Studio Version 16
VisualStudioVersion = 16.0.30011.22
MinimumVisualStudioVersion = 10.0.40219.1
Project("{2150E333-8FDC-42A3-9474-1A3956D46DE8}") = "TrabalhandoNoConsole", "TrabalhandoNoConsole", "{917E90AC-F7F7-4BEE-A00E-DB429B1E6BFF}"
EndProject
Project("{9A19103F-16F7-4668-BE54-9A1E7A4F7556}") = "ConsoleExercicio_1", "ConsoleExercico_1\ConsoleExercicio_1.csproj", "{4C8D4B25-223F-40B0-9E52-CE616F085EE0}"
EndProject
Project("{9A19103F-16F7-4668-BE54-9A1E7A4F7556}") = "ConsoleExercicio_2", "ConsoleExercicio_2\ConsoleExercicio_2.csproj", "{0E834811-1637-4698-892D-99252ED82A65}"
EndProject
Project("{9A19103F-16F7-4668-BE54-9A1E7A4F7556}") = "ConsoleExercicio_3", "ConsoleExercicio_3\ConsoleExercicio_3.csproj", "{6A0FEB47-25E8-40F8-8551-C0DB60D0A5B1}"
EndProject
Project("{9A19103F-16F7-4668-BE54-9A1E7A4F7556}") = "ConsoleExercicio_4", "ConsoleExercicio_4\ConsoleExercicio_4.csproj", "{6A1A4ACC-A1A5-49D2-B3E5-39BD354C0AA2}"
EndProject
Project("{FAE04EC0-301F-11D3-BF4B-00C04F79EFBC}") = "ConsoleExercicio_5", "ConsoleExercicio_5\ConsoleExercicio_5.csproj", "{E342FD55-38CD-491D-ADA0-8C00D38D6FC1}"
EndProject
Global
	GlobalSection(SolutionConfigurationPlatforms) = preSolution
		Debug|Any CPU = Debug|Any CPU
		Release|Any CPU = Release|Any CPU
	EndGlobalSection
	GlobalSection(ProjectConfigurationPlatforms) = postSolution
		{4C8D4B25-223F-40B0-9E52-CE616F085EE0}.Debug|Any CPU.ActiveCfg = Debug|Any CPU
		{4C8D4B25-223F-40B0-9E52-CE616F085EE0}.Debug|Any CPU.Build.0 = Debug|Any CPU
		{4C8D4B25-223F-40B0-9E52-CE616F085EE0}.Release|Any CPU.ActiveCfg = Release|Any CPU
		{4C8D4B25-223F-40B0-9E52-CE616F085EE0}.Release|Any CPU.Build.0 = Release|Any CPU
		{0E834811-1637-4698-892D-99252ED82A65}.Debug|Any CPU.ActiveCfg = Debug|Any CPU
		{0E834811-1637-4698-892D-99252ED82A65}.Debug|Any CPU.Build.0 = Debug|Any CPU
		{0E834811-1637-4698-892D-99252ED82A65}.Release|Any CPU.ActiveCfg = Release|Any CPU
		{0E834811-1637-4698-892D-99252ED82A65}.Release|Any CPU.Build.0 = Release|Any CPU
		{6A0FEB47-25E8-40F8-8551-C0DB60D0A5B1}.Debug|Any CPU.ActiveCfg = Debug|Any CPU
		{6A0FEB47-25E8-40F8-8551-C0DB60D0A5B1}.Debug|Any CPU.Build.0 = Debug|Any CPU
		{6A0FEB47-25E8-40F8-8551-C0DB60D0A5B1}.Release|Any CPU.ActiveCfg = Release|Any CPU
		{6A0FEB47-25E8-40F8-8551-C0DB60D0A5B1}.Release|Any CPU.Build.0 = Release|Any CPU
		{6A1A4ACC-A1A5-49D2-B3E5-39BD354C0AA2}.Debug|Any CPU.ActiveCfg = Debug|Any CPU
		{6A1A4ACC-A1A5-49D2-B3E5-39BD354C0AA2}.Debug|Any CPU.Build.0 = Debug|Any CPU
		{6A1A4ACC-A1A5-49D2-B3E5-39BD354C0AA2}.Release|Any CPU.ActiveCfg = Release|Any CPU
		{6A1A4ACC-A1A5-49D2-B3E5-39BD354C0AA2}.Release|Any CPU.Build.0 = Release|Any CPU
		{E342FD55-38CD-491D-ADA0-8C00D38D6FC1}.Debug|Any CPU.ActiveCfg = Debug|Any CPU
		{E342FD55-38CD-491D-ADA0-8C00D38D6FC1}.Debug|Any CPU.Build.0 = Debug|Any CPU
		{E342FD55-38CD-491D-ADA0-8C00D38D6FC1}.Release|Any CPU.ActiveCfg = Release|Any CPU
		{E342FD55-38CD-491D-ADA0-8C00D38D6FC1}.Release|Any CPU.Build.0 = Release|Any CPU
	EndGlobalSection
	GlobalSection(SolutionProperties) = preSolution
		HideSolutionNode = FALSE
	EndGlobalSection
	GlobalSection(NestedProjects) = preSolution
		{4C8D4B25-223F-40B0-9E52-CE616F085EE0} = {917E90AC-F7F7-4BEE-A00E-DB429B1E6BFF}
		{0E834811-1637-4698-892D-99252ED82A65} = {917E90AC-F7F7-4BEE-A00E-DB429B1E6BFF}
		{6A0FEB47-25E8-40F8-8551-C0DB60D0A5B1} = {917E90AC-F7F7-4BEE-A00E-DB429B1E6BFF}
		{6A1A4ACC-A1A5-49D2-B3E5-39BD354C0AA2} = {917E90AC-F7F7-4BEE-A00E-DB429B1E6BFF}
		{E342FD55-38CD-491D-ADA0-8C00D38D6FC1} = {917E90AC-F7F7-4BEE-A00E-DB429B1E6BFF}
	EndGlobalSection
	GlobalSection(ExtensibilityGlobals) = postSolution
		SolutionGuid = {18AAA1C8-5A36-4DB9-9BC8-AA1A49B0A303}
	EndGlobalSection
EndGlobal
